
Microsoft Visual Studio Solution File, Format Version 12.00
Project("{2150E333-8FDC-42A3-9474-1A3956D46DE8}") = "src", "src", "{827E0CD3-B72D-47B6-A68D-7590B98EB39B}"
EndProject
Project("{FAE04EC0-301F-11D3-BF4B-00C04F79EFBC}") = "WebAPI", "src\WebAPI\WebAPI.csproj", "{C2AAC178-1BAC-4607-83AC-0BE057B7A661}"
EndProject
Project("{FAE04EC0-301F-11D3-BF4B-00C04F79EFBC}") = "Application", "src\Application\Application.csproj", "{DAF705AF-4C7D-495D-B04B-24BDCF6F6EE7}"
EndProject
Project("{FAE04EC0-301F-11D3-BF4B-00C04F79EFBC}") = "Domain", "src\Domain\Domain.csproj", "{EB0349EF-B7F7-4403-A379-7C13AEE58CAC}"
EndProject
Project("{FAE04EC0-301F-11D3-BF4B-00C04F79EFBC}") = "Infrastructure", "src\Infrastructure\Infrastructure.csproj", "{31FE62F8-5391-4C5A-85AB-CB5FAFD184F1}"
EndProject
Project("{2150E333-8FDC-42A3-9474-1A3956D46DE8}") = "tests", "tests", "{0AB3BF05-4346-4AA6-1389-037BE0695223}"
EndProject
Project("{FAE04EC0-301F-11D3-BF4B-00C04F79EFBC}") = "Application.Tests", "tests\Application.Tests\Application.Tests.csproj", "{1405B15C-B2E4-481E-926F-03BCB38CA818}"
EndProject
Project("{FAE04EC0-301F-11D3-BF4B-00C04F79EFBC}") = "WebAPI.Tests", "tests\WebAPI.Tests\WebAPI.Tests.csproj", "{B3983A39-B914-452C-B612-E4AAFDCE8342}"
EndProject
Global
	GlobalSection(SolutionConfigurationPlatforms) = preSolution
		Debug|Any CPU = Debug|Any CPU
		Debug|x64 = Debug|x64
		Debug|x86 = Debug|x86
		Release|Any CPU = Release|Any CPU
		Release|x64 = Release|x64
		Release|x86 = Release|x86
	EndGlobalSection
	GlobalSection(ProjectConfigurationPlatforms) = postSolution
		{C2AAC178-1BAC-4607-83AC-0BE057B7A661}.Debug|Any CPU.ActiveCfg = Debug|Any CPU
		{C2AAC178-1BAC-4607-83AC-0BE057B7A661}.Debug|Any CPU.Build.0 = Debug|Any CPU
		{C2AAC178-1BAC-4607-83AC-0BE057B7A661}.Debug|x64.ActiveCfg = Debug|Any CPU
		{C2AAC178-1BAC-4607-83AC-0BE057B7A661}.Debug|x64.Build.0 = Debug|Any CPU
		{C2AAC178-1BAC-4607-83AC-0BE057B7A661}.Debug|x86.ActiveCfg = Debug|Any CPU
		{C2AAC178-1BAC-4607-83AC-0BE057B7A661}.Debug|x86.Build.0 = Debug|Any CPU
		{C2AAC178-1BAC-4607-83AC-0BE057B7A661}.Release|Any CPU.ActiveCfg = Release|Any CPU
		{C2AAC178-1BAC-4607-83AC-0BE057B7A661}.Release|Any CPU.Build.0 = Release|Any CPU
		{C2AAC178-1BAC-4607-83AC-0BE057B7A661}.Release|x64.ActiveCfg = Release|Any CPU
		{C2AAC178-1BAC-4607-83AC-0BE057B7A661}.Release|x64.Build.0 = Release|Any CPU
		{C2AAC178-1BAC-4607-83AC-0BE057B7A661}.Release|x86.ActiveCfg = Release|Any CPU
		{C2AAC178-1BAC-4607-83AC-0BE057B7A661}.Release|x86.Build.0 = Release|Any CPU
		{DAF705AF-4C7D-495D-B04B-24BDCF6F6EE7}.Debug|Any CPU.ActiveCfg = Debug|Any CPU
		{DAF705AF-4C7D-495D-B04B-24BDCF6F6EE7}.Debug|Any CPU.Build.0 = Debug|Any CPU
		{DAF705AF-4C7D-495D-B04B-24BDCF6F6EE7}.Debug|x64.ActiveCfg = Debug|Any CPU
		{DAF705AF-4C7D-495D-B04B-24BDCF6F6EE7}.Debug|x64.Build.0 = Debug|Any CPU
		{DAF705AF-4C7D-495D-B04B-24BDCF6F6EE7}.Debug|x86.ActiveCfg = Debug|Any CPU
		{DAF705AF-4C7D-495D-B04B-24BDCF6F6EE7}.Debug|x86.Build.0 = Debug|Any CPU
		{DAF705AF-4C7D-495D-B04B-24BDCF6F6EE7}.Release|Any CPU.ActiveCfg = Release|Any CPU
		{DAF705AF-4C7D-495D-B04B-24BDCF6F6EE7}.Release|Any CPU.Build.0 = Release|Any CPU
		{DAF705AF-4C7D-495D-B04B-24BDCF6F6EE7}.Release|x64.ActiveCfg = Release|Any CPU
		{DAF705AF-4C7D-495D-B04B-24BDCF6F6EE7}.Release|x64.Build.0 = Release|Any CPU
		{DAF705AF-4C7D-495D-B04B-24BDCF6F6EE7}.Release|x86.ActiveCfg = Release|Any CPU
		{DAF705AF-4C7D-495D-B04B-24BDCF6F6EE7}.Release|x86.Build.0 = Release|Any CPU
		{EB0349EF-B7F7-4403-A379-7C13AEE58CAC}.Debug|Any CPU.ActiveCfg = Debug|Any CPU
		{EB0349EF-B7F7-4403-A379-7C13AEE58CAC}.Debug|Any CPU.Build.0 = Debug|Any CPU
		{EB0349EF-B7F7-4403-A379-7C13AEE58CAC}.Debug|x64.ActiveCfg = Debug|Any CPU
		{EB0349EF-B7F7-4403-A379-7C13AEE58CAC}.Debug|x64.Build.0 = Debug|Any CPU
		{EB0349EF-B7F7-4403-A379-7C13AEE58CAC}.Debug|x86.ActiveCfg = Debug|Any CPU
		{EB0349EF-B7F7-4403-A379-7C13AEE58CAC}.Debug|x86.Build.0 = Debug|Any CPU
		{EB0349EF-B7F7-4403-A379-7C13AEE58CAC}.Release|Any CPU.ActiveCfg = Release|Any CPU
		{EB0349EF-B7F7-4403-A379-7C13AEE58CAC}.Release|Any CPU.Build.0 = Release|Any CPU
		{EB0349EF-B7F7-4403-A379-7C13AEE58CAC}.Release|x64.ActiveCfg = Release|Any CPU
		{EB0349EF-B7F7-4403-A379-7C13AEE58CAC}.Release|x64.Build.0 = Release|Any CPU
		{EB0349EF-B7F7-4403-A379-7C13AEE58CAC}.Release|x86.ActiveCfg = Release|Any CPU
		{EB0349EF-B7F7-4403-A379-7C13AEE58CAC}.Release|x86.Build.0 = Release|Any CPU
		{31FE62F8-5391-4C5A-85AB-CB5FAFD184F1}.Debug|Any CPU.ActiveCfg = Debug|Any CPU
		{31FE62F8-5391-4C5A-85AB-CB5FAFD184F1}.Debug|Any CPU.Build.0 = Debug|Any CPU
		{31FE62F8-5391-4C5A-85AB-CB5FAFD184F1}.Debug|x64.ActiveCfg = Debug|Any CPU
		{31FE62F8-5391-4C5A-85AB-CB5FAFD184F1}.Debug|x64.Build.0 = Debug|Any CPU
		{31FE62F8-5391-4C5A-85AB-CB5FAFD184F1}.Debug|x86.ActiveCfg = Debug|Any CPU
		{31FE62F8-5391-4C5A-85AB-CB5FAFD184F1}.Debug|x86.Build.0 = Debug|Any CPU
		{31FE62F8-5391-4C5A-85AB-CB5FAFD184F1}.Release|Any CPU.ActiveCfg = Release|Any CPU
		{31FE62F8-5391-4C5A-85AB-CB5FAFD184F1}.Release|Any CPU.Build.0 = Release|Any CPU
		{31FE62F8-5391-4C5A-85AB-CB5FAFD184F1}.Release|x64.ActiveCfg = Release|Any CPU
		{31FE62F8-5391-4C5A-85AB-CB5FAFD184F1}.Release|x64.Build.0 = Release|Any CPU
		{31FE62F8-5391-4C5A-85AB-CB5FAFD184F1}.Release|x86.ActiveCfg = Release|Any CPU
		{31FE62F8-5391-4C5A-85AB-CB5FAFD184F1}.Release|x86.Build.0 = Release|Any CPU
		{1405B15C-B2E4-481E-926F-03BCB38CA818}.Debug|Any CPU.ActiveCfg = Debug|Any CPU
		{1405B15C-B2E4-481E-926F-03BCB38CA818}.Debug|Any CPU.Build.0 = Debug|Any CPU
		{1405B15C-B2E4-481E-926F-03BCB38CA818}.Debug|x64.ActiveCfg = Debug|Any CPU
		{1405B15C-B2E4-481E-926F-03BCB38CA818}.Debug|x64.Build.0 = Debug|Any CPU
		{1405B15C-B2E4-481E-926F-03BCB38CA818}.Debug|x86.ActiveCfg = Debug|Any CPU
		{1405B15C-B2E4-481E-926F-03BCB38CA818}.Debug|x86.Build.0 = Debug|Any CPU
		{1405B15C-B2E4-481E-926F-03BCB38CA818}.Release|Any CPU.ActiveCfg = Release|Any CPU
		{1405B15C-B2E4-481E-926F-03BCB38CA818}.Release|Any CPU.Build.0 = Release|Any CPU
		{1405B15C-B2E4-481E-926F-03BCB38CA818}.Release|x64.ActiveCfg = Release|Any CPU
		{1405B15C-B2E4-481E-926F-03BCB38CA818}.Release|x64.Build.0 = Release|Any CPU
		{1405B15C-B2E4-481E-926F-03BCB38CA818}.Release|x86.ActiveCfg = Release|Any CPU
		{1405B15C-B2E4-481E-926F-03BCB38CA818}.Release|x86.Build.0 = Release|Any CPU
		{B3983A39-B914-452C-B612-E4AAFDCE8342}.Debug|Any CPU.ActiveCfg = Debug|Any CPU
		{B3983A39-B914-452C-B612-E4AAFDCE8342}.Debug|Any CPU.Build.0 = Debug|Any CPU
		{B3983A39-B914-452C-B612-E4AAFDCE8342}.Debug|x64.ActiveCfg = Debug|Any CPU
		{B3983A39-B914-452C-B612-E4AAFDCE8342}.Debug|x64.Build.0 = Debug|Any CPU
		{B3983A39-B914-452C-B612-E4AAFDCE8342}.Debug|x86.ActiveCfg = Debug|Any CPU
		{B3983A39-B914-452C-B612-E4AAFDCE8342}.Debug|x86.Build.0 = Debug|Any CPU
		{B3983A39-B914-452C-B612-E4AAFDCE8342}.Release|Any CPU.ActiveCfg = Release|Any CPU
		{B3983A39-B914-452C-B612-E4AAFDCE8342}.Release|Any CPU.Build.0 = Release|Any CPU
		{B3983A39-B914-452C-B612-E4AAFDCE8342}.Release|x64.ActiveCfg = Release|Any CPU
		{B3983A39-B914-452C-B612-E4AAFDCE8342}.Release|x64.Build.0 = Release|Any CPU
		{B3983A39-B914-452C-B612-E4AAFDCE8342}.Release|x86.ActiveCfg = Release|Any CPU
		{B3983A39-B914-452C-B612-E4AAFDCE8342}.Release|x86.Build.0 = Release|Any CPU
	EndGlobalSection
	GlobalSection(SolutionProperties) = preSolution
		HideSolutionNode = FALSE
	EndGlobalSection
	GlobalSection(NestedProjects) = preSolution
		{C2AAC178-1BAC-4607-83AC-0BE057B7A661} = {827E0CD3-B72D-47B6-A68D-7590B98EB39B}
		{DAF705AF-4C7D-495D-B04B-24BDCF6F6EE7} = {827E0CD3-B72D-47B6-A68D-7590B98EB39B}
		{EB0349EF-B7F7-4403-A379-7C13AEE58CAC} = {827E0CD3-B72D-47B6-A68D-7590B98EB39B}
		{31FE62F8-5391-4C5A-85AB-CB5FAFD184F1} = {827E0CD3-B72D-47B6-A68D-7590B98EB39B}
		{1405B15C-B2E4-481E-926F-03BCB38CA818} = {0AB3BF05-4346-4AA6-1389-037BE0695223}
		{B3983A39-B914-452C-B612-E4AAFDCE8342} = {0AB3BF05-4346-4AA6-1389-037BE0695223}
	EndGlobalSection
EndGlobal
